
Microsoft Visual Studio Solution File, Format Version 12.00
# Visual Studio Version 17
VisualStudioVersion = 17.6.33829.357
MinimumVisualStudioVersion = 10.0.40219.1
Project("{FAE04EC0-301F-11D3-BF4B-00C04F79EFBC}") = "EmployeesApp", "Employees\EmployeesApp.csproj", "{B18D8EA8-B617-405F-9B07-05F991C142BF}"
EndProject
Global
	GlobalSection(SolutionConfigurationPlatforms) = preSolution
		Debug|Any CPU = Debug|Any CPU
		Release|Any CPU = Release|Any CPU
	EndGlobalSection
	GlobalSection(ProjectConfigurationPlatforms) = postSolution
		{B18D8EA8-B617-405F-9B07-05F991C142BF}.Debug|Any CPU.ActiveCfg = Debug|Any CPU
		{B18D8EA8-B617-405F-9B07-05F991C142BF}.Debug|Any CPU.Build.0 = Debug|Any CPU
		{B18D8EA8-B617-405F-9B07-05F991C142BF}.Release|Any CPU.ActiveCfg = Release|Any CPU
		{B18D8EA8-B617-405F-9B07-05F991C142BF}.Release|Any CPU.Build.0 = Release|Any CPU
	EndGlobalSection
	GlobalSection(SolutionProperties) = preSolution
		HideSolutionNode = FALSE
	EndGlobalSection
	GlobalSection(ExtensibilityGlobals) = postSolution
		SolutionGuid = {5BF47FA2-8752-4D41-A82A-2AA80A539F2B}
	EndGlobalSection
EndGlobal
